
Microsoft Visual Studio Solution File, Format Version 12.00
# Visual Studio Version 16
VisualStudioVersion = 16.0.34301.259
MinimumVisualStudioVersion = 10.0.40219.1
Project("{FAE04EC0-301F-11D3-BF4B-00C04F79EFBC}") = "DoctorAppointmentApp", "DoctorAppointmentApp.csproj", "{B30389F4-63EA-4F1F-B831-8A68CB174986}"
EndProject
Project("{FAE04EC0-301F-11D3-BF4B-00C04F79EFBC}") = "DoctorAppointmentApp.Tests", "..\DoctorAppointmentApp.Tests\DoctorAppointmentApp.Tests.csproj", "{9064B743-00D6-455F-91B3-C3A5CA0596DF}"
EndProject
Project("{FAE04EC0-301F-11D3-BF4B-00C04F79EFBC}") = "Shared", "..\Shared\Shared.csproj", "{D2F21EC7-7A27-4055-AE6A-998AB5C09955}"
EndProject
Project("{2150E333-8FDC-42A3-9474-1A3956D46DE8}") = "02_Shared", "02_Shared", "{5BC41E24-E8BB-4EFA-81C5-5C6A3E1DDEFA}"
EndProject
Project("{2150E333-8FDC-42A3-9474-1A3956D46DE8}") = "01_Entities", "01_Entities", "{8B29D58F-31C6-47D2-A10D-57285913C9DB}"
EndProject
Project("{2150E333-8FDC-42A3-9474-1A3956D46DE8}") = "03_Repositories", "03_Repositories", "{B3029061-9DB5-4AF1-83A5-5E8C1FB81FC2}"
EndProject
Project("{FAE04EC0-301F-11D3-BF4B-00C04F79EFBC}") = "Entities", "..\Entities\Entities.csproj", "{0A243365-8DA8-4E3D-9F79-1BFBA61E913D}"
EndProject
Project("{FAE04EC0-301F-11D3-BF4B-00C04F79EFBC}") = "Repositories", "..\Repositories\Repositories.csproj", "{1D629E92-D7CA-4DC1-AF72-4C0B2934A35F}"
EndProject
Project("{2150E333-8FDC-42A3-9474-1A3956D46DE8}") = "06_DoctorAvailabilityModule", "06_DoctorAvailabilityModule", "{B14D6F1C-EB8C-4611-94F9-6CEF79137F7E}"
EndProject
Project("{FAE04EC0-301F-11D3-BF4B-00C04F79EFBC}") = "DoctorAvailabilityModule", "..\DoctorAvailabilityModule\DoctorAvailabilityModule.csproj", "{9590FB4E-7260-4745-8294-04523F0937CC}"
EndProject
Project("{2150E333-8FDC-42A3-9474-1A3956D46DE8}") = "04_SeedData", "04_SeedData", "{68F1215A-12CA-4DC7-A088-3576EFB18838}"
EndProject
Project("{FAE04EC0-301F-11D3-BF4B-00C04F79EFBC}") = "Seeder", "..\Seeder\Seeder.csproj", "{026B5728-77D0-4779-B942-0F227A84045E}"
EndProject
Project("{2150E333-8FDC-42A3-9474-1A3956D46DE8}") = "07_AppointmentModule", "07_AppointmentModule", "{CE8CF18D-056D-4FAB-BB0B-D566A45B30CD}"
EndProject
Project("{FAE04EC0-301F-11D3-BF4B-00C04F79EFBC}") = "AppointmentModule", "..\AppointmentModule\AppointmentModule.csproj", "{5C651AC8-DB6E-4118-B1F3-C14F0E8153DA}"
EndProject
Project("{2150E333-8FDC-42A3-9474-1A3956D46DE8}") = "05_Test", "05_Test", "{9D799EC8-E20D-4E24-A1F9-EA73AB9107DB}"
EndProject
Global
	GlobalSection(SolutionConfigurationPlatforms) = preSolution
		Debug|Any CPU = Debug|Any CPU
		Release|Any CPU = Release|Any CPU
	EndGlobalSection
	GlobalSection(ProjectConfigurationPlatforms) = postSolution
		{B30389F4-63EA-4F1F-B831-8A68CB174986}.Debug|Any CPU.ActiveCfg = Debug|Any CPU
		{B30389F4-63EA-4F1F-B831-8A68CB174986}.Debug|Any CPU.Build.0 = Debug|Any CPU
		{B30389F4-63EA-4F1F-B831-8A68CB174986}.Release|Any CPU.ActiveCfg = Release|Any CPU
		{B30389F4-63EA-4F1F-B831-8A68CB174986}.Release|Any CPU.Build.0 = Release|Any CPU
		{9064B743-00D6-455F-91B3-C3A5CA0596DF}.Debug|Any CPU.ActiveCfg = Debug|Any CPU
		{9064B743-00D6-455F-91B3-C3A5CA0596DF}.Debug|Any CPU.Build.0 = Debug|Any CPU
		{9064B743-00D6-455F-91B3-C3A5CA0596DF}.Release|Any CPU.ActiveCfg = Release|Any CPU
		{9064B743-00D6-455F-91B3-C3A5CA0596DF}.Release|Any CPU.Build.0 = Release|Any CPU
		{D2F21EC7-7A27-4055-AE6A-998AB5C09955}.Debug|Any CPU.ActiveCfg = Debug|Any CPU
		{D2F21EC7-7A27-4055-AE6A-998AB5C09955}.Debug|Any CPU.Build.0 = Debug|Any CPU
		{D2F21EC7-7A27-4055-AE6A-998AB5C09955}.Release|Any CPU.ActiveCfg = Release|Any CPU
		{D2F21EC7-7A27-4055-AE6A-998AB5C09955}.Release|Any CPU.Build.0 = Release|Any CPU
		{0A243365-8DA8-4E3D-9F79-1BFBA61E913D}.Debug|Any CPU.ActiveCfg = Debug|Any CPU
		{0A243365-8DA8-4E3D-9F79-1BFBA61E913D}.Debug|Any CPU.Build.0 = Debug|Any CPU
		{0A243365-8DA8-4E3D-9F79-1BFBA61E913D}.Release|Any CPU.ActiveCfg = Release|Any CPU
		{0A243365-8DA8-4E3D-9F79-1BFBA61E913D}.Release|Any CPU.Build.0 = Release|Any CPU
		{1D629E92-D7CA-4DC1-AF72-4C0B2934A35F}.Debug|Any CPU.ActiveCfg = Debug|Any CPU
		{1D629E92-D7CA-4DC1-AF72-4C0B2934A35F}.Debug|Any CPU.Build.0 = Debug|Any CPU
		{1D629E92-D7CA-4DC1-AF72-4C0B2934A35F}.Release|Any CPU.ActiveCfg = Release|Any CPU
		{1D629E92-D7CA-4DC1-AF72-4C0B2934A35F}.Release|Any CPU.Build.0 = Release|Any CPU
		{9590FB4E-7260-4745-8294-04523F0937CC}.Debug|Any CPU.ActiveCfg = Debug|Any CPU
		{9590FB4E-7260-4745-8294-04523F0937CC}.Debug|Any CPU.Build.0 = Debug|Any CPU
		{9590FB4E-7260-4745-8294-04523F0937CC}.Release|Any CPU.ActiveCfg = Release|Any CPU
		{9590FB4E-7260-4745-8294-04523F0937CC}.Release|Any CPU.Build.0 = Release|Any CPU
		{026B5728-77D0-4779-B942-0F227A84045E}.Debug|Any CPU.ActiveCfg = Debug|Any CPU
		{026B5728-77D0-4779-B942-0F227A84045E}.Debug|Any CPU.Build.0 = Debug|Any CPU
		{026B5728-77D0-4779-B942-0F227A84045E}.Release|Any CPU.ActiveCfg = Release|Any CPU
		{026B5728-77D0-4779-B942-0F227A84045E}.Release|Any CPU.Build.0 = Release|Any CPU
		{5C651AC8-DB6E-4118-B1F3-C14F0E8153DA}.Debug|Any CPU.ActiveCfg = Debug|Any CPU
		{5C651AC8-DB6E-4118-B1F3-C14F0E8153DA}.Debug|Any CPU.Build.0 = Debug|Any CPU
		{5C651AC8-DB6E-4118-B1F3-C14F0E8153DA}.Release|Any CPU.ActiveCfg = Release|Any CPU
		{5C651AC8-DB6E-4118-B1F3-C14F0E8153DA}.Release|Any CPU.Build.0 = Release|Any CPU
	EndGlobalSection
	GlobalSection(SolutionProperties) = preSolution
		HideSolutionNode = FALSE
	EndGlobalSection
	GlobalSection(NestedProjects) = preSolution
		{9064B743-00D6-455F-91B3-C3A5CA0596DF} = {9D799EC8-E20D-4E24-A1F9-EA73AB9107DB}
		{D2F21EC7-7A27-4055-AE6A-998AB5C09955} = {5BC41E24-E8BB-4EFA-81C5-5C6A3E1DDEFA}
		{0A243365-8DA8-4E3D-9F79-1BFBA61E913D} = {8B29D58F-31C6-47D2-A10D-57285913C9DB}
		{1D629E92-D7CA-4DC1-AF72-4C0B2934A35F} = {B3029061-9DB5-4AF1-83A5-5E8C1FB81FC2}
		{9590FB4E-7260-4745-8294-04523F0937CC} = {B14D6F1C-EB8C-4611-94F9-6CEF79137F7E}
		{026B5728-77D0-4779-B942-0F227A84045E} = {68F1215A-12CA-4DC7-A088-3576EFB18838}
		{5C651AC8-DB6E-4118-B1F3-C14F0E8153DA} = {CE8CF18D-056D-4FAB-BB0B-D566A45B30CD}
	EndGlobalSection
	GlobalSection(ExtensibilityGlobals) = postSolution
		SolutionGuid = {793C04E8-1FC1-4466-A045-A605262498D3}
	EndGlobalSection
EndGlobal
